
Microsoft Visual Studio Solution File, Format Version 12.00
# Visual Studio Version 17
VisualStudioVersion = 17.10.35013.160
MinimumVisualStudioVersion = 10.0.40219.1
Project("{FAE04EC0-301F-11D3-BF4B-00C04F79EFBC}") = "PostgreSQLToCSharp", "PostgreSQLToCSharp\PostgreSQLToCSharp.csproj", "{32EBEBA5-1D81-4800-83E2-BAC0384C7241}"
EndProject
Global
	GlobalSection(SolutionConfigurationPlatforms) = preSolution
		Debug|Any CPU = Debug|Any CPU
		Release|Any CPU = Release|Any CPU
	EndGlobalSection
	GlobalSection(ProjectConfigurationPlatforms) = postSolution
		{32EBEBA5-1D81-4800-83E2-BAC0384C7241}.Debug|Any CPU.ActiveCfg = Debug|Any CPU
		{32EBEBA5-1D81-4800-83E2-BAC0384C7241}.Debug|Any CPU.Build.0 = Debug|Any CPU
		{32EBEBA5-1D81-4800-83E2-BAC0384C7241}.Release|Any CPU.ActiveCfg = Release|Any CPU
		{32EBEBA5-1D81-4800-83E2-BAC0384C7241}.Release|Any CPU.Build.0 = Release|Any CPU
	EndGlobalSection
	GlobalSection(SolutionProperties) = preSolution
		HideSolutionNode = FALSE
	EndGlobalSection
	GlobalSection(ExtensibilityGlobals) = postSolution
		SolutionGuid = {DC53694C-7682-4F01-B18F-C9AE468F9ACD}
	EndGlobalSection
EndGlobal
